
Microsoft Visual Studio Solution File, Format Version 12.00
# Visual Studio 15
VisualStudioVersion = 15.0.28010.2050
MinimumVisualStudioVersion = 10.0.40219.1
Project("{FAE04EC0-301F-11D3-BF4B-00C04F79EFBC}") = "Lift", "Lift\Lift.csproj", "{0A146886-0945-43AF-B372-89F6AA3FF09D}"
EndProject
Global
	GlobalSection(SolutionConfigurationPlatforms) = preSolution
		Debug|Any CPU = Debug|Any CPU
		Release|Any CPU = Release|Any CPU
	EndGlobalSection
	GlobalSection(ProjectConfigurationPlatforms) = postSolution
		{0A146886-0945-43AF-B372-89F6AA3FF09D}.Debug|Any CPU.ActiveCfg = Debug|Any CPU
		{0A146886-0945-43AF-B372-89F6AA3FF09D}.Debug|Any CPU.Build.0 = Debug|Any CPU
		{0A146886-0945-43AF-B372-89F6AA3FF09D}.Release|Any CPU.ActiveCfg = Release|Any CPU
		{0A146886-0945-43AF-B372-89F6AA3FF09D}.Release|Any CPU.Build.0 = Release|Any CPU
	EndGlobalSection
	GlobalSection(SolutionProperties) = preSolution
		HideSolutionNode = FALSE
	EndGlobalSection
	GlobalSection(ExtensibilityGlobals) = postSolution
		SolutionGuid = {4F615A34-1115-44F2-ACB1-5DBAB7EC7106}
	EndGlobalSection
EndGlobal
